{
  "name": "permission-manager",
  "version": "1.0.0",
  "lockfileVersion": 1,
  "requires": true,
  "dependencies": {
    "@uirouter/angularjs": {
      "version": "1.0.11",
      "resolved": "https://registry.npmjs.org/@uirouter/angularjs/-/angularjs-1.0.11.tgz",
      "integrity": "sha512-AG6DT1mYEGLyRt8/Ggf/1teh4pp0yB99GTufC/pY6FfxmkrVE44dv9bGTOrcEETiPgu1SezsqTMjbXEv55JxCw==",
      "requires": {
        "@uirouter/core": "5.0.11"
      }
    },
    "@uirouter/core": {
      "version": "5.0.11",
      "resolved": "https://registry.npmjs.org/@uirouter/core/-/core-5.0.11.tgz",
      "integrity": "sha512-x8js8f0nJivRMlxVyFcP5VmHyI091qUYCSEP69+m3uTCsIlCvLWmQiT4/FY7YBe9go6tYBBzPV+dWseg5XMD8Q=="
    },
    "angular": {
      "version": "1.6.7",
      "resolved": "https://registry.npmjs.org/angular/-/angular-1.6.7.tgz",
      "integrity": "sha1-D4mDfa4XdrAcyx+iCW2w2Tc9mJc="
    },
    "angular-route": {
      "version": "1.6.7",
      "resolved": "https://registry.npmjs.org/angular-route/-/angular-route-1.6.7.tgz",
      "integrity": "sha1-Aglw2T2LLOTKav8ODXkiV5VDy88="
    },
    "bootstrap": {
      "version": "3.3.7",
      "resolved": "https://registry.npmjs.org/bootstrap/-/bootstrap-3.3.7.tgz",
      "integrity": "sha1-WjiTlFSfIzMIdaOxUGVldPip63E="
    },
    "jquery": {
      "version": "1.12.4",
      "resolved": "https://registry.npmjs.org/jquery/-/jquery-1.12.4.tgz",
      "integrity": "sha1-AeHfuikP5z3rp3zurLD5ui/sngw="
    }
  }
}
